
Microsoft Visual Studio Solution File, Format Version 12.00
# Visual Studio Version 17
VisualStudioVersion = 17.3.32819.101
MinimumVisualStudioVersion = 10.0.40219.1
Project("{FAE04EC0-301F-11D3-BF4B-00C04F79EFBC}") = "W2E1", "W2E1\W2E1.csproj", "{B54FD897-B66C-4C72-B575-3B41EE60448D}"
EndProject
Global
	GlobalSection(SolutionConfigurationPlatforms) = preSolution
		Debug|Any CPU = Debug|Any CPU
		Release|Any CPU = Release|Any CPU
	EndGlobalSection
	GlobalSection(ProjectConfigurationPlatforms) = postSolution
		{B54FD897-B66C-4C72-B575-3B41EE60448D}.Debug|Any CPU.ActiveCfg = Debug|Any CPU
		{B54FD897-B66C-4C72-B575-3B41EE60448D}.Debug|Any CPU.Build.0 = Debug|Any CPU
		{B54FD897-B66C-4C72-B575-3B41EE60448D}.Release|Any CPU.ActiveCfg = Release|Any CPU
		{B54FD897-B66C-4C72-B575-3B41EE60448D}.Release|Any CPU.Build.0 = Release|Any CPU
	EndGlobalSection
	GlobalSection(SolutionProperties) = preSolution
		HideSolutionNode = FALSE
	EndGlobalSection
	GlobalSection(ExtensibilityGlobals) = postSolution
		SolutionGuid = {12D5374F-BD10-467B-AB3F-9C6CB46E178B}
	EndGlobalSection
EndGlobal
